
Microsoft Visual Studio Solution File, Format Version 12.00
# Visual Studio Version 17
VisualStudioVersion = 17.0.32126.317
MinimumVisualStudioVersion = 10.0.40219.1
Project("{FAE04EC0-301F-11D3-BF4B-00C04F79EFBC}") = "Pomodoro Novo", "Pomodoro Novo\Pomodoro Novo.csproj", "{3ECAB0BA-2D66-46C7-9C96-5300EF656134}"
EndProject
Global
	GlobalSection(SolutionConfigurationPlatforms) = preSolution
		Debug|Any CPU = Debug|Any CPU
		Release|Any CPU = Release|Any CPU
	EndGlobalSection
	GlobalSection(ProjectConfigurationPlatforms) = postSolution
		{3ECAB0BA-2D66-46C7-9C96-5300EF656134}.Debug|Any CPU.ActiveCfg = Debug|Any CPU
		{3ECAB0BA-2D66-46C7-9C96-5300EF656134}.Debug|Any CPU.Build.0 = Debug|Any CPU
		{3ECAB0BA-2D66-46C7-9C96-5300EF656134}.Release|Any CPU.ActiveCfg = Release|Any CPU
		{3ECAB0BA-2D66-46C7-9C96-5300EF656134}.Release|Any CPU.Build.0 = Release|Any CPU
	EndGlobalSection
	GlobalSection(SolutionProperties) = preSolution
		HideSolutionNode = FALSE
	EndGlobalSection
	GlobalSection(ExtensibilityGlobals) = postSolution
		SolutionGuid = {DA795AFA-5AE2-42A6-9DF7-EE620855CBBE}
	EndGlobalSection
EndGlobal
